
Microsoft Visual Studio Solution File, Format Version 12.00
# Visual Studio Version 17
VisualStudioVersion = 17.8.34525.116
MinimumVisualStudioVersion = 10.0.40219.1
Project("{8BC9CEB8-8B4A-11D0-8D11-00A0C91BC942}") = "LTCSharp", "LTCSharp\LTCSharp.vcxproj", "{6625FC6E-AC51-4276-9D95-57AB78E21B03}"
EndProject
Project("{8BC9CEB8-8B4A-11D0-8D11-00A0C91BC942}") = "libltc", "libltc_cpp\libltc.vcxproj", "{1888F07F-1021-46B9-9025-3AAA4EBF0A24}"
EndProject
Project("{9A19103F-16F7-4668-BE54-9A1E7A4F7556}") = "VL.Audio.LTC", "VL.Audio.LTC\VL.Audio.LTC.csproj", "{4A5A4487-33D8-4900-B8AF-8E970F8FCACB}"
EndProject
Global
	GlobalSection(SolutionConfigurationPlatforms) = preSolution
		Debug|x64 = Debug|x64
		Release|x64 = Release|x64
	EndGlobalSection
	GlobalSection(ProjectConfigurationPlatforms) = postSolution
		{6625FC6E-AC51-4276-9D95-57AB78E21B03}.Debug|x64.ActiveCfg = Debug|x64
		{6625FC6E-AC51-4276-9D95-57AB78E21B03}.Debug|x64.Build.0 = Debug|x64
		{6625FC6E-AC51-4276-9D95-57AB78E21B03}.Release|x64.ActiveCfg = Release|x64
		{6625FC6E-AC51-4276-9D95-57AB78E21B03}.Release|x64.Build.0 = Release|x64
		{1888F07F-1021-46B9-9025-3AAA4EBF0A24}.Debug|x64.ActiveCfg = Debug|x64
		{1888F07F-1021-46B9-9025-3AAA4EBF0A24}.Debug|x64.Build.0 = Debug|x64
		{1888F07F-1021-46B9-9025-3AAA4EBF0A24}.Release|x64.ActiveCfg = Release|x64
		{1888F07F-1021-46B9-9025-3AAA4EBF0A24}.Release|x64.Build.0 = Release|x64
		{4A5A4487-33D8-4900-B8AF-8E970F8FCACB}.Debug|x64.ActiveCfg = Debug|x64
		{4A5A4487-33D8-4900-B8AF-8E970F8FCACB}.Debug|x64.Build.0 = Debug|x64
		{4A5A4487-33D8-4900-B8AF-8E970F8FCACB}.Release|x64.ActiveCfg = Release|x64
		{4A5A4487-33D8-4900-B8AF-8E970F8FCACB}.Release|x64.Build.0 = Release|x64
	EndGlobalSection
	GlobalSection(SolutionProperties) = preSolution
		HideSolutionNode = FALSE
	EndGlobalSection
	GlobalSection(ExtensibilityGlobals) = postSolution
		SolutionGuid = {E7982BF0-765C-475B-B328-1E32613E74F5}
	EndGlobalSection
EndGlobal
